
Microsoft Visual Studio Solution File, Format Version 11.00
# Visual C# Express 2010
Project("{FAE04EC0-301F-11D3-BF4B-00C04F79EFBC}") = "FBPLib", "FBPLib\FBPLib.csproj", "{4E7DACA9-4D36-4029-8528-85DFA03754FD}"
EndProject
Project("{FAE04EC0-301F-11D3-BF4B-00C04F79EFBC}") = "FBPVerbs", "FBPVerbs\FBPVerbs.csproj", "{4A5825D9-E8B2-4F4C-AE4B-0573DA5B5CE9}"
EndProject
Project("{FAE04EC0-301F-11D3-BF4B-00C04F79EFBC}") = "Concord", "Concord\Concord.csproj", "{9E54FE0B-6B24-441B-9747-6A1920BF941A}"
EndProject
Project("{FAE04EC0-301F-11D3-BF4B-00C04F79EFBC}") = "MergeAndSort", "TestNetworks\MergeAndSort\MergeAndSort.csproj", "{F6AB66E4-B307-457E-B608-16BDE9E127FD}"
EndProject
Project("{FAE04EC0-301F-11D3-BF4B-00C04F79EFBC}") = "TestLoadBalancer", "TestNetworks\TestLoadBalancer\TestLoadBalancer.csproj", "{33BFDFF7-F467-4DF5-A2A6-3566D875750B}"
EndProject
Global
	GlobalSection(SolutionConfigurationPlatforms) = preSolution
		Debug|Any CPU = Debug|Any CPU
		Debug|Mixed Platforms = Debug|Mixed Platforms
		Debug|x86 = Debug|x86
		Release|Any CPU = Release|Any CPU
		Release|Mixed Platforms = Release|Mixed Platforms
		Release|x86 = Release|x86
	EndGlobalSection
	GlobalSection(ProjectConfigurationPlatforms) = postSolution
		{4E7DACA9-4D36-4029-8528-85DFA03754FD}.Debug|Any CPU.ActiveCfg = Debug|Any CPU
		{4E7DACA9-4D36-4029-8528-85DFA03754FD}.Debug|Any CPU.Build.0 = Debug|Any CPU
		{4E7DACA9-4D36-4029-8528-85DFA03754FD}.Debug|Mixed Platforms.ActiveCfg = Debug|Any CPU
		{4E7DACA9-4D36-4029-8528-85DFA03754FD}.Debug|Mixed Platforms.Build.0 = Debug|Any CPU
		{4E7DACA9-4D36-4029-8528-85DFA03754FD}.Debug|x86.ActiveCfg = Debug|Any CPU
		{4E7DACA9-4D36-4029-8528-85DFA03754FD}.Release|Any CPU.ActiveCfg = Release|Any CPU
		{4E7DACA9-4D36-4029-8528-85DFA03754FD}.Release|Any CPU.Build.0 = Release|Any CPU
		{4E7DACA9-4D36-4029-8528-85DFA03754FD}.Release|Mixed Platforms.ActiveCfg = Release|Any CPU
		{4E7DACA9-4D36-4029-8528-85DFA03754FD}.Release|Mixed Platforms.Build.0 = Release|Any CPU
		{4E7DACA9-4D36-4029-8528-85DFA03754FD}.Release|x86.ActiveCfg = Release|Any CPU
		{4A5825D9-E8B2-4F4C-AE4B-0573DA5B5CE9}.Debug|Any CPU.ActiveCfg = Debug|Any CPU
		{4A5825D9-E8B2-4F4C-AE4B-0573DA5B5CE9}.Debug|Any CPU.Build.0 = Debug|Any CPU
		{4A5825D9-E8B2-4F4C-AE4B-0573DA5B5CE9}.Debug|Mixed Platforms.ActiveCfg = Debug|Any CPU
		{4A5825D9-E8B2-4F4C-AE4B-0573DA5B5CE9}.Debug|Mixed Platforms.Build.0 = Debug|Any CPU
		{4A5825D9-E8B2-4F4C-AE4B-0573DA5B5CE9}.Debug|x86.ActiveCfg = Debug|Any CPU
		{4A5825D9-E8B2-4F4C-AE4B-0573DA5B5CE9}.Release|Any CPU.ActiveCfg = Release|Any CPU
		{4A5825D9-E8B2-4F4C-AE4B-0573DA5B5CE9}.Release|Any CPU.Build.0 = Release|Any CPU
		{4A5825D9-E8B2-4F4C-AE4B-0573DA5B5CE9}.Release|Mixed Platforms.ActiveCfg = Release|Any CPU
		{4A5825D9-E8B2-4F4C-AE4B-0573DA5B5CE9}.Release|Mixed Platforms.Build.0 = Release|Any CPU
		{4A5825D9-E8B2-4F4C-AE4B-0573DA5B5CE9}.Release|x86.ActiveCfg = Release|Any CPU
		{9E54FE0B-6B24-441B-9747-6A1920BF941A}.Debug|Any CPU.ActiveCfg = Debug|x86
		{9E54FE0B-6B24-441B-9747-6A1920BF941A}.Debug|Mixed Platforms.ActiveCfg = Debug|x86
		{9E54FE0B-6B24-441B-9747-6A1920BF941A}.Debug|Mixed Platforms.Build.0 = Debug|x86
		{9E54FE0B-6B24-441B-9747-6A1920BF941A}.Debug|x86.ActiveCfg = Debug|x86
		{9E54FE0B-6B24-441B-9747-6A1920BF941A}.Debug|x86.Build.0 = Debug|x86
		{9E54FE0B-6B24-441B-9747-6A1920BF941A}.Release|Any CPU.ActiveCfg = Release|x86
		{9E54FE0B-6B24-441B-9747-6A1920BF941A}.Release|Mixed Platforms.ActiveCfg = Release|x86
		{9E54FE0B-6B24-441B-9747-6A1920BF941A}.Release|Mixed Platforms.Build.0 = Release|x86
		{9E54FE0B-6B24-441B-9747-6A1920BF941A}.Release|x86.ActiveCfg = Release|x86
		{9E54FE0B-6B24-441B-9747-6A1920BF941A}.Release|x86.Build.0 = Release|x86
		{F6AB66E4-B307-457E-B608-16BDE9E127FD}.Debug|Any CPU.ActiveCfg = Debug|x86
		{F6AB66E4-B307-457E-B608-16BDE9E127FD}.Debug|Mixed Platforms.ActiveCfg = Debug|x86
		{F6AB66E4-B307-457E-B608-16BDE9E127FD}.Debug|Mixed Platforms.Build.0 = Debug|x86
		{F6AB66E4-B307-457E-B608-16BDE9E127FD}.Debug|x86.ActiveCfg = Debug|x86
		{F6AB66E4-B307-457E-B608-16BDE9E127FD}.Debug|x86.Build.0 = Debug|x86
		{F6AB66E4-B307-457E-B608-16BDE9E127FD}.Release|Any CPU.ActiveCfg = Release|x86
		{F6AB66E4-B307-457E-B608-16BDE9E127FD}.Release|Mixed Platforms.ActiveCfg = Release|x86
		{F6AB66E4-B307-457E-B608-16BDE9E127FD}.Release|Mixed Platforms.Build.0 = Release|x86
		{F6AB66E4-B307-457E-B608-16BDE9E127FD}.Release|x86.ActiveCfg = Release|x86
		{F6AB66E4-B307-457E-B608-16BDE9E127FD}.Release|x86.Build.0 = Release|x86
		{33BFDFF7-F467-4DF5-A2A6-3566D875750B}.Debug|Any CPU.ActiveCfg = Debug|x86
		{33BFDFF7-F467-4DF5-A2A6-3566D875750B}.Debug|Mixed Platforms.ActiveCfg = Debug|x86
		{33BFDFF7-F467-4DF5-A2A6-3566D875750B}.Debug|Mixed Platforms.Build.0 = Debug|x86
		{33BFDFF7-F467-4DF5-A2A6-3566D875750B}.Debug|x86.ActiveCfg = Debug|x86
		{33BFDFF7-F467-4DF5-A2A6-3566D875750B}.Debug|x86.Build.0 = Debug|x86
		{33BFDFF7-F467-4DF5-A2A6-3566D875750B}.Release|Any CPU.ActiveCfg = Release|x86
		{33BFDFF7-F467-4DF5-A2A6-3566D875750B}.Release|Mixed Platforms.ActiveCfg = Release|x86
		{33BFDFF7-F467-4DF5-A2A6-3566D875750B}.Release|Mixed Platforms.Build.0 = Release|x86
		{33BFDFF7-F467-4DF5-A2A6-3566D875750B}.Release|x86.ActiveCfg = Release|x86
		{33BFDFF7-F467-4DF5-A2A6-3566D875750B}.Release|x86.Build.0 = Release|x86
	EndGlobalSection
	GlobalSection(SolutionProperties) = preSolution
		HideSolutionNode = FALSE
	EndGlobalSection
EndGlobal
