
Microsoft Visual Studio Solution File, Format Version 12.00
# Visual Studio 14
VisualStudioVersion = 14.0.25420.1
MinimumVisualStudioVersion = 10.0.40219.1
Project("{FAE04EC0-301F-11D3-BF4B-00C04F79EFBC}") = "FBPLib", "FBPLib\FBPLib.csproj", "{4E7DACA9-4D36-4029-8528-85DFA03754FD}"
EndProject
Project("{FAE04EC0-301F-11D3-BF4B-00C04F79EFBC}") = "FBPVerbs", "FBPVerbs\FBPVerbs.csproj", "{4A5825D9-E8B2-4F4C-AE4B-0573DA5B5CE9}"
EndProject
Project("{FAE04EC0-301F-11D3-BF4B-00C04F79EFBC}") = "Concord", "TestCases\Concord\Concord.csproj", "{9E54FE0B-6B24-441B-9747-6A1920BF941A}"
EndProject
Project("{FAE04EC0-301F-11D3-BF4B-00C04F79EFBC}") = "FBPTest", "TestCases\FBPTest\FBPTest.csproj", "{4755422F-5CEC-422F-AA80-9974B597283E}"
EndProject
Project("{FAE04EC0-301F-11D3-BF4B-00C04F79EFBC}") = "MergeAndSort", "TestCases\MergeAndSort\MergeAndSort.csproj", "{F6AB66E4-B307-457E-B608-16BDE9E127FD}"
EndProject
Project("{FAE04EC0-301F-11D3-BF4B-00C04F79EFBC}") = "TestLoadBalancer", "TestCases\TestLoadBalancer\TestLoadBalancer.csproj", "{33BFDFF7-F467-4DF5-A2A6-3566D875750B}"
EndProject
Project("{FAE04EC0-301F-11D3-BF4B-00C04F79EFBC}") = "TestLoadBalanceWithSubstreams", "TestCases\TestLoadBalanceWithSubstreams\TestLoadBalanceWithSubstreams.csproj", "{A0C51A6C-065E-4983-8289-EAA8C0721F54}"
EndProject
Project("{FAE04EC0-301F-11D3-BF4B-00C04F79EFBC}") = "TestNetworks", "TestNetworks\TestNetworks.csproj", "{E7F8E2A1-F217-4402-B20E-0ACB19024434}"
EndProject
Project("{FAE04EC0-301F-11D3-BF4B-00C04F79EFBC}") = "CopyFileToConsole", "TestCases\CopyFileToConsole\CopyFileToConsole.csproj", "{430A084E-E149-47D5-A426-25F42645343E}"
EndProject
Project("{2150E333-8FDC-42A3-9474-1A3956D46DE8}") = "Solution Items", "Solution Items", "{D7F340DA-012A-493B-AC03-26AC0DBA5C8C}"
	ProjectSection(SolutionItems) = preProject
		tune.txt = tune.txt
	EndProjectSection
EndProject
Project("{FAE04EC0-301F-11D3-BF4B-00C04F79EFBC}") = "UnitTests", "UnitTests\UnitTests.csproj", "{C783BCE6-AF1D-4599-9E65-05EDE981BBB1}"
EndProject
Global
	GlobalSection(SolutionConfigurationPlatforms) = preSolution
		Debug|Any CPU = Debug|Any CPU
		Debug|Mixed Platforms = Debug|Mixed Platforms
		Debug|x64 = Debug|x64
		Debug|x86 = Debug|x86
		Release|Any CPU = Release|Any CPU
		Release|Mixed Platforms = Release|Mixed Platforms
		Release|x64 = Release|x64
		Release|x86 = Release|x86
	EndGlobalSection
	GlobalSection(ProjectConfigurationPlatforms) = postSolution
		{4E7DACA9-4D36-4029-8528-85DFA03754FD}.Debug|Any CPU.ActiveCfg = Debug|Any CPU
		{4E7DACA9-4D36-4029-8528-85DFA03754FD}.Debug|Any CPU.Build.0 = Debug|Any CPU
		{4E7DACA9-4D36-4029-8528-85DFA03754FD}.Debug|Mixed Platforms.ActiveCfg = Debug|Any CPU
		{4E7DACA9-4D36-4029-8528-85DFA03754FD}.Debug|Mixed Platforms.Build.0 = Debug|Any CPU
		{4E7DACA9-4D36-4029-8528-85DFA03754FD}.Debug|x64.ActiveCfg = Debug|Any CPU
		{4E7DACA9-4D36-4029-8528-85DFA03754FD}.Debug|x64.Build.0 = Debug|Any CPU
		{4E7DACA9-4D36-4029-8528-85DFA03754FD}.Debug|x86.ActiveCfg = Debug|Any CPU
		{4E7DACA9-4D36-4029-8528-85DFA03754FD}.Release|Any CPU.ActiveCfg = Release|Any CPU
		{4E7DACA9-4D36-4029-8528-85DFA03754FD}.Release|Any CPU.Build.0 = Release|Any CPU
		{4E7DACA9-4D36-4029-8528-85DFA03754FD}.Release|Mixed Platforms.ActiveCfg = Release|Any CPU
		{4E7DACA9-4D36-4029-8528-85DFA03754FD}.Release|Mixed Platforms.Build.0 = Release|Any CPU
		{4E7DACA9-4D36-4029-8528-85DFA03754FD}.Release|x64.ActiveCfg = Release|Any CPU
		{4E7DACA9-4D36-4029-8528-85DFA03754FD}.Release|x64.Build.0 = Release|Any CPU
		{4E7DACA9-4D36-4029-8528-85DFA03754FD}.Release|x86.ActiveCfg = Release|Any CPU
		{4A5825D9-E8B2-4F4C-AE4B-0573DA5B5CE9}.Debug|Any CPU.ActiveCfg = Debug|Any CPU
		{4A5825D9-E8B2-4F4C-AE4B-0573DA5B5CE9}.Debug|Any CPU.Build.0 = Debug|Any CPU
		{4A5825D9-E8B2-4F4C-AE4B-0573DA5B5CE9}.Debug|Mixed Platforms.ActiveCfg = Debug|Any CPU
		{4A5825D9-E8B2-4F4C-AE4B-0573DA5B5CE9}.Debug|Mixed Platforms.Build.0 = Debug|Any CPU
		{4A5825D9-E8B2-4F4C-AE4B-0573DA5B5CE9}.Debug|x64.ActiveCfg = Debug|Any CPU
		{4A5825D9-E8B2-4F4C-AE4B-0573DA5B5CE9}.Debug|x64.Build.0 = Debug|Any CPU
		{4A5825D9-E8B2-4F4C-AE4B-0573DA5B5CE9}.Debug|x86.ActiveCfg = Debug|Any CPU
		{4A5825D9-E8B2-4F4C-AE4B-0573DA5B5CE9}.Release|Any CPU.ActiveCfg = Release|Any CPU
		{4A5825D9-E8B2-4F4C-AE4B-0573DA5B5CE9}.Release|Any CPU.Build.0 = Release|Any CPU
		{4A5825D9-E8B2-4F4C-AE4B-0573DA5B5CE9}.Release|Mixed Platforms.ActiveCfg = Release|Any CPU
		{4A5825D9-E8B2-4F4C-AE4B-0573DA5B5CE9}.Release|Mixed Platforms.Build.0 = Release|Any CPU
		{4A5825D9-E8B2-4F4C-AE4B-0573DA5B5CE9}.Release|x64.ActiveCfg = Release|Any CPU
		{4A5825D9-E8B2-4F4C-AE4B-0573DA5B5CE9}.Release|x64.Build.0 = Release|Any CPU
		{4A5825D9-E8B2-4F4C-AE4B-0573DA5B5CE9}.Release|x86.ActiveCfg = Release|Any CPU
		{9E54FE0B-6B24-441B-9747-6A1920BF941A}.Debug|Any CPU.ActiveCfg = Debug|x86
		{9E54FE0B-6B24-441B-9747-6A1920BF941A}.Debug|Mixed Platforms.ActiveCfg = Debug|x86
		{9E54FE0B-6B24-441B-9747-6A1920BF941A}.Debug|Mixed Platforms.Build.0 = Debug|x86
		{9E54FE0B-6B24-441B-9747-6A1920BF941A}.Debug|x64.ActiveCfg = Debug|x86
		{9E54FE0B-6B24-441B-9747-6A1920BF941A}.Debug|x86.ActiveCfg = Debug|x86
		{9E54FE0B-6B24-441B-9747-6A1920BF941A}.Debug|x86.Build.0 = Debug|x86
		{9E54FE0B-6B24-441B-9747-6A1920BF941A}.Release|Any CPU.ActiveCfg = Release|x86
		{9E54FE0B-6B24-441B-9747-6A1920BF941A}.Release|Mixed Platforms.ActiveCfg = Release|x86
		{9E54FE0B-6B24-441B-9747-6A1920BF941A}.Release|Mixed Platforms.Build.0 = Release|x86
		{9E54FE0B-6B24-441B-9747-6A1920BF941A}.Release|x64.ActiveCfg = Release|x86
		{9E54FE0B-6B24-441B-9747-6A1920BF941A}.Release|x86.ActiveCfg = Release|x86
		{9E54FE0B-6B24-441B-9747-6A1920BF941A}.Release|x86.Build.0 = Release|x86
		{4755422F-5CEC-422F-AA80-9974B597283E}.Debug|Any CPU.ActiveCfg = Debug|x86
		{4755422F-5CEC-422F-AA80-9974B597283E}.Debug|Mixed Platforms.ActiveCfg = Debug|x86
		{4755422F-5CEC-422F-AA80-9974B597283E}.Debug|Mixed Platforms.Build.0 = Debug|x86
		{4755422F-5CEC-422F-AA80-9974B597283E}.Debug|x64.ActiveCfg = Debug|x86
		{4755422F-5CEC-422F-AA80-9974B597283E}.Debug|x86.ActiveCfg = Debug|x86
		{4755422F-5CEC-422F-AA80-9974B597283E}.Debug|x86.Build.0 = Debug|x86
		{4755422F-5CEC-422F-AA80-9974B597283E}.Release|Any CPU.ActiveCfg = Release|x86
		{4755422F-5CEC-422F-AA80-9974B597283E}.Release|Mixed Platforms.ActiveCfg = Release|x86
		{4755422F-5CEC-422F-AA80-9974B597283E}.Release|Mixed Platforms.Build.0 = Release|x86
		{4755422F-5CEC-422F-AA80-9974B597283E}.Release|x64.ActiveCfg = Release|x86
		{4755422F-5CEC-422F-AA80-9974B597283E}.Release|x86.ActiveCfg = Release|x86
		{4755422F-5CEC-422F-AA80-9974B597283E}.Release|x86.Build.0 = Release|x86
		{F6AB66E4-B307-457E-B608-16BDE9E127FD}.Debug|Any CPU.ActiveCfg = Debug|x86
		{F6AB66E4-B307-457E-B608-16BDE9E127FD}.Debug|Mixed Platforms.ActiveCfg = Debug|x86
		{F6AB66E4-B307-457E-B608-16BDE9E127FD}.Debug|Mixed Platforms.Build.0 = Debug|x86
		{F6AB66E4-B307-457E-B608-16BDE9E127FD}.Debug|x64.ActiveCfg = Debug|x86
		{F6AB66E4-B307-457E-B608-16BDE9E127FD}.Debug|x86.ActiveCfg = Debug|x86
		{F6AB66E4-B307-457E-B608-16BDE9E127FD}.Debug|x86.Build.0 = Debug|x86
		{F6AB66E4-B307-457E-B608-16BDE9E127FD}.Release|Any CPU.ActiveCfg = Release|x86
		{F6AB66E4-B307-457E-B608-16BDE9E127FD}.Release|Mixed Platforms.ActiveCfg = Release|x86
		{F6AB66E4-B307-457E-B608-16BDE9E127FD}.Release|Mixed Platforms.Build.0 = Release|x86
		{F6AB66E4-B307-457E-B608-16BDE9E127FD}.Release|x64.ActiveCfg = Release|x86
		{F6AB66E4-B307-457E-B608-16BDE9E127FD}.Release|x86.ActiveCfg = Release|x86
		{F6AB66E4-B307-457E-B608-16BDE9E127FD}.Release|x86.Build.0 = Release|x86
		{33BFDFF7-F467-4DF5-A2A6-3566D875750B}.Debug|Any CPU.ActiveCfg = Debug|x86
		{33BFDFF7-F467-4DF5-A2A6-3566D875750B}.Debug|Mixed Platforms.ActiveCfg = Debug|x86
		{33BFDFF7-F467-4DF5-A2A6-3566D875750B}.Debug|Mixed Platforms.Build.0 = Debug|x86
		{33BFDFF7-F467-4DF5-A2A6-3566D875750B}.Debug|x64.ActiveCfg = Debug|x86
		{33BFDFF7-F467-4DF5-A2A6-3566D875750B}.Debug|x86.ActiveCfg = Debug|x86
		{33BFDFF7-F467-4DF5-A2A6-3566D875750B}.Debug|x86.Build.0 = Debug|x86
		{33BFDFF7-F467-4DF5-A2A6-3566D875750B}.Release|Any CPU.ActiveCfg = Release|x86
		{33BFDFF7-F467-4DF5-A2A6-3566D875750B}.Release|Mixed Platforms.ActiveCfg = Release|x86
		{33BFDFF7-F467-4DF5-A2A6-3566D875750B}.Release|Mixed Platforms.Build.0 = Release|x86
		{33BFDFF7-F467-4DF5-A2A6-3566D875750B}.Release|x64.ActiveCfg = Release|x86
		{33BFDFF7-F467-4DF5-A2A6-3566D875750B}.Release|x86.ActiveCfg = Release|x86
		{33BFDFF7-F467-4DF5-A2A6-3566D875750B}.Release|x86.Build.0 = Release|x86
		{A0C51A6C-065E-4983-8289-EAA8C0721F54}.Debug|Any CPU.ActiveCfg = Debug|x86
		{A0C51A6C-065E-4983-8289-EAA8C0721F54}.Debug|Mixed Platforms.ActiveCfg = Debug|x86
		{A0C51A6C-065E-4983-8289-EAA8C0721F54}.Debug|Mixed Platforms.Build.0 = Debug|x86
		{A0C51A6C-065E-4983-8289-EAA8C0721F54}.Debug|x64.ActiveCfg = Debug|x86
		{A0C51A6C-065E-4983-8289-EAA8C0721F54}.Debug|x86.ActiveCfg = Debug|x86
		{A0C51A6C-065E-4983-8289-EAA8C0721F54}.Debug|x86.Build.0 = Debug|x86
		{A0C51A6C-065E-4983-8289-EAA8C0721F54}.Release|Any CPU.ActiveCfg = Release|x86
		{A0C51A6C-065E-4983-8289-EAA8C0721F54}.Release|Mixed Platforms.ActiveCfg = Release|x86
		{A0C51A6C-065E-4983-8289-EAA8C0721F54}.Release|Mixed Platforms.Build.0 = Release|x86
		{A0C51A6C-065E-4983-8289-EAA8C0721F54}.Release|x64.ActiveCfg = Release|x86
		{A0C51A6C-065E-4983-8289-EAA8C0721F54}.Release|x86.ActiveCfg = Release|x86
		{A0C51A6C-065E-4983-8289-EAA8C0721F54}.Release|x86.Build.0 = Release|x86
		{E7F8E2A1-F217-4402-B20E-0ACB19024434}.Debug|Any CPU.ActiveCfg = Debug|Any CPU
		{E7F8E2A1-F217-4402-B20E-0ACB19024434}.Debug|Any CPU.Build.0 = Debug|Any CPU
		{E7F8E2A1-F217-4402-B20E-0ACB19024434}.Debug|Mixed Platforms.ActiveCfg = Debug|Any CPU
		{E7F8E2A1-F217-4402-B20E-0ACB19024434}.Debug|Mixed Platforms.Build.0 = Debug|Any CPU
		{E7F8E2A1-F217-4402-B20E-0ACB19024434}.Debug|x64.ActiveCfg = Debug|Any CPU
		{E7F8E2A1-F217-4402-B20E-0ACB19024434}.Debug|x64.Build.0 = Debug|Any CPU
		{E7F8E2A1-F217-4402-B20E-0ACB19024434}.Debug|x86.ActiveCfg = Debug|Any CPU
		{E7F8E2A1-F217-4402-B20E-0ACB19024434}.Debug|x86.Build.0 = Debug|Any CPU
		{E7F8E2A1-F217-4402-B20E-0ACB19024434}.Release|Any CPU.ActiveCfg = Release|Any CPU
		{E7F8E2A1-F217-4402-B20E-0ACB19024434}.Release|Any CPU.Build.0 = Release|Any CPU
		{E7F8E2A1-F217-4402-B20E-0ACB19024434}.Release|Mixed Platforms.ActiveCfg = Release|Any CPU
		{E7F8E2A1-F217-4402-B20E-0ACB19024434}.Release|Mixed Platforms.Build.0 = Release|Any CPU
		{E7F8E2A1-F217-4402-B20E-0ACB19024434}.Release|x64.ActiveCfg = Release|Any CPU
		{E7F8E2A1-F217-4402-B20E-0ACB19024434}.Release|x64.Build.0 = Release|Any CPU
		{E7F8E2A1-F217-4402-B20E-0ACB19024434}.Release|x86.ActiveCfg = Release|Any CPU
		{E7F8E2A1-F217-4402-B20E-0ACB19024434}.Release|x86.Build.0 = Release|Any CPU
		{430A084E-E149-47D5-A426-25F42645343E}.Debug|Any CPU.ActiveCfg = Debug|Any CPU
		{430A084E-E149-47D5-A426-25F42645343E}.Debug|Any CPU.Build.0 = Debug|Any CPU
		{430A084E-E149-47D5-A426-25F42645343E}.Debug|Mixed Platforms.ActiveCfg = Debug|Any CPU
		{430A084E-E149-47D5-A426-25F42645343E}.Debug|Mixed Platforms.Build.0 = Debug|Any CPU
		{430A084E-E149-47D5-A426-25F42645343E}.Debug|x64.ActiveCfg = Debug|Any CPU
		{430A084E-E149-47D5-A426-25F42645343E}.Debug|x64.Build.0 = Debug|Any CPU
		{430A084E-E149-47D5-A426-25F42645343E}.Debug|x86.ActiveCfg = Debug|Any CPU
		{430A084E-E149-47D5-A426-25F42645343E}.Debug|x86.Build.0 = Debug|Any CPU
		{430A084E-E149-47D5-A426-25F42645343E}.Release|Any CPU.ActiveCfg = Release|Any CPU
		{430A084E-E149-47D5-A426-25F42645343E}.Release|Any CPU.Build.0 = Release|Any CPU
		{430A084E-E149-47D5-A426-25F42645343E}.Release|Mixed Platforms.ActiveCfg = Release|Any CPU
		{430A084E-E149-47D5-A426-25F42645343E}.Release|Mixed Platforms.Build.0 = Release|Any CPU
		{430A084E-E149-47D5-A426-25F42645343E}.Release|x64.ActiveCfg = Release|Any CPU
		{430A084E-E149-47D5-A426-25F42645343E}.Release|x64.Build.0 = Release|Any CPU
		{430A084E-E149-47D5-A426-25F42645343E}.Release|x86.ActiveCfg = Release|Any CPU
		{430A084E-E149-47D5-A426-25F42645343E}.Release|x86.Build.0 = Release|Any CPU
		{C783BCE6-AF1D-4599-9E65-05EDE981BBB1}.Debug|Any CPU.ActiveCfg = Debug|Any CPU
		{C783BCE6-AF1D-4599-9E65-05EDE981BBB1}.Debug|Any CPU.Build.0 = Debug|Any CPU
		{C783BCE6-AF1D-4599-9E65-05EDE981BBB1}.Debug|Mixed Platforms.ActiveCfg = Debug|Any CPU
		{C783BCE6-AF1D-4599-9E65-05EDE981BBB1}.Debug|Mixed Platforms.Build.0 = Debug|Any CPU
		{C783BCE6-AF1D-4599-9E65-05EDE981BBB1}.Debug|x64.ActiveCfg = Debug|Any CPU
		{C783BCE6-AF1D-4599-9E65-05EDE981BBB1}.Debug|x64.Build.0 = Debug|Any CPU
		{C783BCE6-AF1D-4599-9E65-05EDE981BBB1}.Debug|x86.ActiveCfg = Debug|Any CPU
		{C783BCE6-AF1D-4599-9E65-05EDE981BBB1}.Debug|x86.Build.0 = Debug|Any CPU
		{C783BCE6-AF1D-4599-9E65-05EDE981BBB1}.Release|Any CPU.ActiveCfg = Release|Any CPU
		{C783BCE6-AF1D-4599-9E65-05EDE981BBB1}.Release|Any CPU.Build.0 = Release|Any CPU
		{C783BCE6-AF1D-4599-9E65-05EDE981BBB1}.Release|Mixed Platforms.ActiveCfg = Release|Any CPU
		{C783BCE6-AF1D-4599-9E65-05EDE981BBB1}.Release|Mixed Platforms.Build.0 = Release|Any CPU
		{C783BCE6-AF1D-4599-9E65-05EDE981BBB1}.Release|x64.ActiveCfg = Release|Any CPU
		{C783BCE6-AF1D-4599-9E65-05EDE981BBB1}.Release|x64.Build.0 = Release|Any CPU
		{C783BCE6-AF1D-4599-9E65-05EDE981BBB1}.Release|x86.ActiveCfg = Release|Any CPU
		{C783BCE6-AF1D-4599-9E65-05EDE981BBB1}.Release|x86.Build.0 = Release|Any CPU
	EndGlobalSection
	GlobalSection(SolutionProperties) = preSolution
		HideSolutionNode = FALSE
	EndGlobalSection
EndGlobal
